// !$*UTF8*$!
{
	archiveVersion = 1;
	classes = {
	};
	objectVersion = 56;
	objects = {

/* Begin PBXBuildFile section */
		6F23217F2BB1C86F0094F8BC /* GoTouchGrassApp.swift in Sources */ = {isa = PBXBuildFile; fileRef = 6F23217E2BB1C86F0094F8BC /* GoTouchGrassApp.swift */; };
		6F2321812BB1C86F0094F8BC /* Persistence.swift in Sources */ = {isa = PBXBuildFile; fileRef = 6F2321802BB1C86F0094F8BC /* Persistence.swift */; };
		6F2321842BB1C86F0094F8BC /* GoTouchGrass.xcdatamodeld in Sources */ = {isa = PBXBuildFile; fileRef = 6F2321822BB1C86F0094F8BC /* GoTouchGrass.xcdatamodeld */; };
		6F2321862BB1C86F0094F8BC /* ContentView.swift in Sources */ = {isa = PBXBuildFile; fileRef = 6F2321852BB1C86F0094F8BC /* ContentView.swift */; };
		6F2321882BB1C8710094F8BC /* Assets.xcassets in Resources */ = {isa = PBXBuildFile; fileRef = 6F2321872BB1C8710094F8BC /* Assets.xcassets */; };
		6F23218C2BB1C8710094F8BC /* Preview Assets.xcassets in Resources */ = {isa = PBXBuildFile; fileRef = 6F23218B2BB1C8710094F8BC /* Preview Assets.xcassets */; };
		6F2321962BB1C8710094F8BC /* GoTouchGrassTests.swift in Sources */ = {isa = PBXBuildFile; fileRef = 6F2321952BB1C8710094F8BC /* GoTouchGrassTests.swift */; };
		6F2321A02BB1C8710094F8BC /* GoTouchGrassUITests.swift in Sources */ = {isa = PBXBuildFile; fileRef = 6F23219F2BB1C8710094F8BC /* GoTouchGrassUITests.swift */; };
		6F2321A22BB1C8710094F8BC /* GoTouchGrassUITestsLaunchTests.swift in Sources */ = {isa = PBXBuildFile; fileRef = 6F2321A12BB1C8710094F8BC /* GoTouchGrassUITestsLaunchTests.swift */; };
		6F2321AF2BB1CA480094F8BC /* MapView.swift in Sources */ = {isa = PBXBuildFile; fileRef = 6F2321AE2BB1CA480094F8BC /* MapView.swift */; };
		6F2321B12BB1CA610094F8BC /* SuggestionView.swift in Sources */ = {isa = PBXBuildFile; fileRef = 6F2321B02BB1CA610094F8BC /* SuggestionView.swift */; };
		6F2321B32BB1CA730094F8BC /* StatView.swift in Sources */ = {isa = PBXBuildFile; fileRef = 6F2321B22BB1CA730094F8BC /* StatView.swift */; };
		6F2321B52BB1CC830094F8BC /* NavigationBar.swift in Sources */ = {isa = PBXBuildFile; fileRef = 6F2321B42BB1CC830094F8BC /* NavigationBar.swift */; };
		6F522F2A2BED36980088FC03 /* DailyDataModel.xcdatamodeld in Sources */ = {isa = PBXBuildFile; fileRef = 6F522F282BED36970088FC03 /* DailyDataModel.xcdatamodeld */; };
		6F522F2C2BED376B0088FC03 /* CoreDataStack.swift in Sources */ = {isa = PBXBuildFile; fileRef = 6F522F2B2BED376B0088FC03 /* CoreDataStack.swift */; };
		6FDA38852BBC449000231EF2 /* CustomStatBox.swift in Sources */ = {isa = PBXBuildFile; fileRef = 6FDA38842BBC449000231EF2 /* CustomStatBox.swift */; };
		6FDA38872BCEAF6900231EF2 /* MealInputPopup.swift in Sources */ = {isa = PBXBuildFile; fileRef = 6FDA38862BCEAF6800231EF2 /* MealInputPopup.swift */; };
/* End PBXBuildFile section */

/* Begin PBXContainerItemProxy section */
		6F2321922BB1C8710094F8BC /* PBXContainerItemProxy */ = {
			isa = PBXContainerItemProxy;
			containerPortal = 6F2321732BB1C86F0094F8BC /* Project object */;
			proxyType = 1;
			remoteGlobalIDString = 6F23217A2BB1C86F0094F8BC;
			remoteInfo = GoTouchGrass;
		};
		6F23219C2BB1C8710094F8BC /* PBXContainerItemProxy */ = {
			isa = PBXContainerItemProxy;
			containerPortal = 6F2321732BB1C86F0094F8BC /* Project object */;
			proxyType = 1;
			remoteGlobalIDString = 6F23217A2BB1C86F0094F8BC;
			remoteInfo = GoTouchGrass;
		};
/* End PBXContainerItemProxy section */

/* Begin PBXFileReference section */
		6F23217B2BB1C86F0094F8BC /* GoTouchGrass.app */ = {isa = PBXFileReference; explicitFileType = wrapper.application; includeInIndex = 0; path = GoTouchGrass.app; sourceTree = BUILT_PRODUCTS_DIR; };
		6F23217E2BB1C86F0094F8BC /* GoTouchGrassApp.swift */ = {isa = PBXFileReference; lastKnownFileType = sourcecode.swift; path = GoTouchGrassApp.swift; sourceTree = "<group>"; };
		6F2321802BB1C86F0094F8BC /* Persistence.swift */ = {isa = PBXFileReference; lastKnownFileType = sourcecode.swift; path = Persistence.swift; sourceTree = "<group>"; };
		6F2321832BB1C86F0094F8BC /* GoTouchGrass.xcdatamodel */ = {isa = PBXFileReference; lastKnownFileType = wrapper.xcdatamodel; path = GoTouchGrass.xcdatamodel; sourceTree = "<group>"; };
		6F2321852BB1C86F0094F8BC /* ContentView.swift */ = {isa = PBXFileReference; lastKnownFileType = sourcecode.swift; path = ContentView.swift; sourceTree = "<group>"; };
		6F2321872BB1C8710094F8BC /* Assets.xcassets */ = {isa = PBXFileReference; lastKnownFileType = folder.assetcatalog; path = Assets.xcassets; sourceTree = "<group>"; };
		6F2321892BB1C8710094F8BC /* GoTouchGrass.entitlements */ = {isa = PBXFileReference; lastKnownFileType = text.plist.entitlements; path = GoTouchGrass.entitlements; sourceTree = "<group>"; };
		6F23218B2BB1C8710094F8BC /* Preview Assets.xcassets */ = {isa = PBXFileReference; lastKnownFileType = folder.assetcatalog; path = "Preview Assets.xcassets"; sourceTree = "<group>"; };
		6F2321912BB1C8710094F8BC /* GoTouchGrassTests.xctest */ = {isa = PBXFileReference; explicitFileType = wrapper.cfbundle; includeInIndex = 0; path = GoTouchGrassTests.xctest; sourceTree = BUILT_PRODUCTS_DIR; };
		6F2321952BB1C8710094F8BC /* GoTouchGrassTests.swift */ = {isa = PBXFileReference; lastKnownFileType = sourcecode.swift; path = GoTouchGrassTests.swift; sourceTree = "<group>"; };
		6F23219B2BB1C8710094F8BC /* GoTouchGrassUITests.xctest */ = {isa = PBXFileReference; explicitFileType = wrapper.cfbundle; includeInIndex = 0; path = GoTouchGrassUITests.xctest; sourceTree = BUILT_PRODUCTS_DIR; };
		6F23219F2BB1C8710094F8BC /* GoTouchGrassUITests.swift */ = {isa = PBXFileReference; lastKnownFileType = sourcecode.swift; path = GoTouchGrassUITests.swift; sourceTree = "<group>"; };
		6F2321A12BB1C8710094F8BC /* GoTouchGrassUITestsLaunchTests.swift */ = {isa = PBXFileReference; lastKnownFileType = sourcecode.swift; path = GoTouchGrassUITestsLaunchTests.swift; sourceTree = "<group>"; };
		6F2321AE2BB1CA480094F8BC /* MapView.swift */ = {isa = PBXFileReference; lastKnownFileType = sourcecode.swift; path = MapView.swift; sourceTree = "<group>"; };
		6F2321B02BB1CA610094F8BC /* SuggestionView.swift */ = {isa = PBXFileReference; lastKnownFileType = sourcecode.swift; path = SuggestionView.swift; sourceTree = "<group>"; };
		6F2321B22BB1CA730094F8BC /* StatView.swift */ = {isa = PBXFileReference; lastKnownFileType = sourcecode.swift; path = StatView.swift; sourceTree = "<group>"; };
		6F2321B42BB1CC830094F8BC /* NavigationBar.swift */ = {isa = PBXFileReference; lastKnownFileType = sourcecode.swift; path = NavigationBar.swift; sourceTree = "<group>"; };
		6F522F292BED36980088FC03 /* DailyDataModel.xcdatamodel */ = {isa = PBXFileReference; lastKnownFileType = wrapper.xcdatamodel; path = DailyDataModel.xcdatamodel; sourceTree = "<group>"; };
		6F522F2B2BED376B0088FC03 /* CoreDataStack.swift */ = {isa = PBXFileReference; lastKnownFileType = sourcecode.swift; path = CoreDataStack.swift; sourceTree = "<group>"; };
		6FDA38842BBC449000231EF2 /* CustomStatBox.swift */ = {isa = PBXFileReference; lastKnownFileType = sourcecode.swift; path = CustomStatBox.swift; sourceTree = "<group>"; };
		6FDA38862BCEAF6800231EF2 /* MealInputPopup.swift */ = {isa = PBXFileReference; lastKnownFileType = sourcecode.swift; path = MealInputPopup.swift; sourceTree = "<group>"; };
/* End PBXFileReference section */

/* Begin PBXFrameworksBuildPhase section */
		6F2321782BB1C86F0094F8BC /* Frameworks */ = {
			isa = PBXFrameworksBuildPhase;
			buildActionMask = 2147483647;
			files = (
			);
			runOnlyForDeploymentPostprocessing = 0;
		};
		6F23218E2BB1C8710094F8BC /* Frameworks */ = {
			isa = PBXFrameworksBuildPhase;
			buildActionMask = 2147483647;
			files = (
			);
			runOnlyForDeploymentPostprocessing = 0;
		};
		6F2321982BB1C8710094F8BC /* Frameworks */ = {
			isa = PBXFrameworksBuildPhase;
			buildActionMask = 2147483647;
			files = (
			);
			runOnlyForDeploymentPostprocessing = 0;
		};
/* End PBXFrameworksBuildPhase section */

/* Begin PBXGroup section */
		6F2321722BB1C86F0094F8BC = {
			isa = PBXGroup;
			children = (
				6F23217D2BB1C86F0094F8BC /* GoTouchGrass */,
				6F2321942BB1C8710094F8BC /* GoTouchGrassTests */,
				6F23219E2BB1C8710094F8BC /* GoTouchGrassUITests */,
				6F23217C2BB1C86F0094F8BC /* Products */,
			);
			sourceTree = "<group>";
		};
		6F23217C2BB1C86F0094F8BC /* Products */ = {
			isa = PBXGroup;
			children = (
				6F23217B2BB1C86F0094F8BC /* GoTouchGrass.app */,
				6F2321912BB1C8710094F8BC /* GoTouchGrassTests.xctest */,
				6F23219B2BB1C8710094F8BC /* GoTouchGrassUITests.xctest */,
			);
			name = Products;
			sourceTree = "<group>";
		};
		6F23217D2BB1C86F0094F8BC /* GoTouchGrass */ = {
			isa = PBXGroup;
			children = (
				6F23217E2BB1C86F0094F8BC /* GoTouchGrassApp.swift */,
				6F2321802BB1C86F0094F8BC /* Persistence.swift */,
				6F2321852BB1C86F0094F8BC /* ContentView.swift */,
				6F2321B42BB1CC830094F8BC /* NavigationBar.swift */,
				6F2321872BB1C8710094F8BC /* Assets.xcassets */,
				6F2321892BB1C8710094F8BC /* GoTouchGrass.entitlements */,
				6F2321822BB1C86F0094F8BC /* GoTouchGrass.xcdatamodeld */,
				6F23218A2BB1C8710094F8BC /* Preview Content */,
				6F2321AE2BB1CA480094F8BC /* MapView.swift */,
				6F2321B02BB1CA610094F8BC /* SuggestionView.swift */,
				6F2321B22BB1CA730094F8BC /* StatView.swift */,
				6FDA38842BBC449000231EF2 /* CustomStatBox.swift */,
				6FDA38862BCEAF6800231EF2 /* MealInputPopup.swift */,
				6F522F282BED36970088FC03 /* DailyDataModel.xcdatamodeld */,
				6F522F2B2BED376B0088FC03 /* CoreDataStack.swift */,
			);
			path = GoTouchGrass;
			sourceTree = "<group>";
		};
		6F23218A2BB1C8710094F8BC /* Preview Content */ = {
			isa = PBXGroup;
			children = (
				6F23218B2BB1C8710094F8BC /* Preview Assets.xcassets */,
			);
			path = "Preview Content";
			sourceTree = "<group>";
		};
		6F2321942BB1C8710094F8BC /* GoTouchGrassTests */ = {
			isa = PBXGroup;
			children = (
				6F2321952BB1C8710094F8BC /* GoTouchGrassTests.swift */,
			);
			path = GoTouchGrassTests;
			sourceTree = "<group>";
		};
		6F23219E2BB1C8710094F8BC /* GoTouchGrassUITests */ = {
			isa = PBXGroup;
			children = (
				6F23219F2BB1C8710094F8BC /* GoTouchGrassUITests.swift */,
				6F2321A12BB1C8710094F8BC /* GoTouchGrassUITestsLaunchTests.swift */,
			);
			path = GoTouchGrassUITests;
			sourceTree = "<group>";
		};
/* End PBXGroup section */

/* Begin PBXNativeTarget section */
		6F23217A2BB1C86F0094F8BC /* GoTouchGrass */ = {
			isa = PBXNativeTarget;
			buildConfigurationList = 6F2321A52BB1C8710094F8BC /* Build configuration list for PBXNativeTarget "GoTouchGrass" */;
			buildPhases = (
				6F2321772BB1C86F0094F8BC /* Sources */,
				6F2321782BB1C86F0094F8BC /* Frameworks */,
				6F2321792BB1C86F0094F8BC /* Resources */,
			);
			buildRules = (
			);
			dependencies = (
			);
			name = GoTouchGrass;
			productName = GoTouchGrass;
			productReference = 6F23217B2BB1C86F0094F8BC /* GoTouchGrass.app */;
			productType = "com.apple.product-type.application";
		};
		6F2321902BB1C8710094F8BC /* GoTouchGrassTests */ = {
			isa = PBXNativeTarget;
			buildConfigurationList = 6F2321A82BB1C8710094F8BC /* Build configuration list for PBXNativeTarget "GoTouchGrassTests" */;
			buildPhases = (
				6F23218D2BB1C8710094F8BC /* Sources */,
				6F23218E2BB1C8710094F8BC /* Frameworks */,
				6F23218F2BB1C8710094F8BC /* Resources */,
			);
			buildRules = (
			);
			dependencies = (
				6F2321932BB1C8710094F8BC /* PBXTargetDependency */,
			);
			name = GoTouchGrassTests;
			productName = GoTouchGrassTests;
			productReference = 6F2321912BB1C8710094F8BC /* GoTouchGrassTests.xctest */;
			productType = "com.apple.product-type.bundle.unit-test";
		};
		6F23219A2BB1C8710094F8BC /* GoTouchGrassUITests */ = {
			isa = PBXNativeTarget;
			buildConfigurationList = 6F2321AB2BB1C8710094F8BC /* Build configuration list for PBXNativeTarget "GoTouchGrassUITests" */;
			buildPhases = (
				6F2321972BB1C8710094F8BC /* Sources */,
				6F2321982BB1C8710094F8BC /* Frameworks */,
				6F2321992BB1C8710094F8BC /* Resources */,
			);
			buildRules = (
			);
			dependencies = (
				6F23219D2BB1C8710094F8BC /* PBXTargetDependency */,
			);
			name = GoTouchGrassUITests;
			productName = GoTouchGrassUITests;
			productReference = 6F23219B2BB1C8710094F8BC /* GoTouchGrassUITests.xctest */;
			productType = "com.apple.product-type.bundle.ui-testing";
		};
/* End PBXNativeTarget section */

/* Begin PBXProject section */
		6F2321732BB1C86F0094F8BC /* Project object */ = {
			isa = PBXProject;
			attributes = {
				BuildIndependentTargetsInParallel = 1;
				LastSwiftUpdateCheck = 1520;
				LastUpgradeCheck = 1520;
				TargetAttributes = {
					6F23217A2BB1C86F0094F8BC = {
						CreatedOnToolsVersion = 15.2;
					};
					6F2321902BB1C8710094F8BC = {
						CreatedOnToolsVersion = 15.2;
						TestTargetID = 6F23217A2BB1C86F0094F8BC;
					};
					6F23219A2BB1C8710094F8BC = {
						CreatedOnToolsVersion = 15.2;
						TestTargetID = 6F23217A2BB1C86F0094F8BC;
					};
				};
			};
			buildConfigurationList = 6F2321762BB1C86F0094F8BC /* Build configuration list for PBXProject "GoTouchGrass" */;
			compatibilityVersion = "Xcode 14.0";
			developmentRegion = en;
			hasScannedForEncodings = 0;
			knownRegions = (
				en,
				Base,
			);
			mainGroup = 6F2321722BB1C86F0094F8BC;
			productRefGroup = 6F23217C2BB1C86F0094F8BC /* Products */;
			projectDirPath = "";
			projectRoot = "";
			targets = (
				6F23217A2BB1C86F0094F8BC /* GoTouchGrass */,
				6F2321902BB1C8710094F8BC /* GoTouchGrassTests */,
				6F23219A2BB1C8710094F8BC /* GoTouchGrassUITests */,
			);
		};
/* End PBXProject section */

/* Begin PBXResourcesBuildPhase section */
		6F2321792BB1C86F0094F8BC /* Resources */ = {
			isa = PBXResourcesBuildPhase;
			buildActionMask = 2147483647;
			files = (
				6F23218C2BB1C8710094F8BC /* Preview Assets.xcassets in Resources */,
				6F2321882BB1C8710094F8BC /* Assets.xcassets in Resources */,
			);
			runOnlyForDeploymentPostprocessing = 0;
		};
		6F23218F2BB1C8710094F8BC /* Resources */ = {
			isa = PBXResourcesBuildPhase;
			buildActionMask = 2147483647;
			files = (
			);
			runOnlyForDeploymentPostprocessing = 0;
		};
		6F2321992BB1C8710094F8BC /* Resources */ = {
			isa = PBXResourcesBuildPhase;
			buildActionMask = 2147483647;
			files = (
			);
			runOnlyForDeploymentPostprocessing = 0;
		};
/* End PBXResourcesBuildPhase section */

/* Begin PBXSourcesBuildPhase section */
		6F2321772BB1C86F0094F8BC /* Sources */ = {
			isa = PBXSourcesBuildPhase;
			buildActionMask = 2147483647;
			files = (
				6F23217F2BB1C86F0094F8BC /* GoTouchGrassApp.swift in Sources */,
				6F2321B32BB1CA730094F8BC /* StatView.swift in Sources */,
				6F2321812BB1C86F0094F8BC /* Persistence.swift in Sources */,
				6F522F2C2BED376B0088FC03 /* CoreDataStack.swift in Sources */,
				6F2321B52BB1CC830094F8BC /* NavigationBar.swift in Sources */,
				6F2321AF2BB1CA480094F8BC /* MapView.swift in Sources */,
				6F2321862BB1C86F0094F8BC /* ContentView.swift in Sources */,
				6F522F2A2BED36980088FC03 /* DailyDataModel.xcdatamodeld in Sources */,
				6FDA38872BCEAF6900231EF2 /* MealInputPopup.swift in Sources */,
				6FDA38852BBC449000231EF2 /* CustomStatBox.swift in Sources */,
				6F2321B12BB1CA610094F8BC /* SuggestionView.swift in Sources */,
				6F2321842BB1C86F0094F8BC /* GoTouchGrass.xcdatamodeld in Sources */,
			);
			runOnlyForDeploymentPostprocessing = 0;
		};
		6F23218D2BB1C8710094F8BC /* Sources */ = {
			isa = PBXSourcesBuildPhase;
			buildActionMask = 2147483647;
			files = (
				6F2321962BB1C8710094F8BC /* GoTouchGrassTests.swift in Sources */,
			);
			runOnlyForDeploymentPostprocessing = 0;
		};
		6F2321972BB1C8710094F8BC /* Sources */ = {
			isa = PBXSourcesBuildPhase;
			buildActionMask = 2147483647;
			files = (
				6F2321A02BB1C8710094F8BC /* GoTouchGrassUITests.swift in Sources */,
				6F2321A22BB1C8710094F8BC /* GoTouchGrassUITestsLaunchTests.swift in Sources */,
			);
			runOnlyForDeploymentPostprocessing = 0;
		};
/* End PBXSourcesBuildPhase section */

/* Begin PBXTargetDependency section */
		6F2321932BB1C8710094F8BC /* PBXTargetDependency */ = {
			isa = PBXTargetDependency;
			target = 6F23217A2BB1C86F0094F8BC /* GoTouchGrass */;
			targetProxy = 6F2321922BB1C8710094F8BC /* PBXContainerItemProxy */;
		};
		6F23219D2BB1C8710094F8BC /* PBXTargetDependency */ = {
			isa = PBXTargetDependency;
			target = 6F23217A2BB1C86F0094F8BC /* GoTouchGrass */;
			targetProxy = 6F23219C2BB1C8710094F8BC /* PBXContainerItemProxy */;
		};
/* End PBXTargetDependency section */

/* Begin XCBuildConfiguration section */
		6F2321A32BB1C8710094F8BC /* Debug */ = {
			isa = XCBuildConfiguration;
			buildSettings = {
				ALWAYS_SEARCH_USER_PATHS = NO;
				ASSETCATALOG_COMPILER_GENERATE_SWIFT_ASSET_SYMBOL_EXTENSIONS = YES;
				CLANG_ANALYZER_NONNULL = YES;
				CLANG_ANALYZER_NUMBER_OBJECT_CONVERSION = YES_AGGRESSIVE;
				CLANG_CXX_LANGUAGE_STANDARD = "gnu++20";
				CLANG_ENABLE_MODULES = YES;
				CLANG_ENABLE_OBJC_ARC = YES;
				CLANG_ENABLE_OBJC_WEAK = YES;
				CLANG_WARN_BLOCK_CAPTURE_AUTORELEASING = YES;
				CLANG_WARN_BOOL_CONVERSION = YES;
				CLANG_WARN_COMMA = YES;
				CLANG_WARN_CONSTANT_CONVERSION = YES;
				CLANG_WARN_DEPRECATED_OBJC_IMPLEMENTATIONS = YES;
				CLANG_WARN_DIRECT_OBJC_ISA_USAGE = YES_ERROR;
				CLANG_WARN_DOCUMENTATION_COMMENTS = YES;
				CLANG_WARN_EMPTY_BODY = YES;
				CLANG_WARN_ENUM_CONVERSION = YES;
				CLANG_WARN_INFINITE_RECURSION = YES;
				CLANG_WARN_INT_CONVERSION = YES;
				CLANG_WARN_NON_LITERAL_NULL_CONVERSION = YES;
				CLANG_WARN_OBJC_IMPLICIT_RETAIN_SELF = YES;
				CLANG_WARN_OBJC_LITERAL_CONVERSION = YES;
				CLANG_WARN_OBJC_ROOT_CLASS = YES_ERROR;
				CLANG_WARN_QUOTED_INCLUDE_IN_FRAMEWORK_HEADER = YES;
				CLANG_WARN_RANGE_LOOP_ANALYSIS = YES;
				CLANG_WARN_STRICT_PROTOTYPES = YES;
				CLANG_WARN_SUSPICIOUS_MOVE = YES;
				CLANG_WARN_UNGUARDED_AVAILABILITY = YES_AGGRESSIVE;
				CLANG_WARN_UNREACHABLE_CODE = YES;
				CLANG_WARN__DUPLICATE_METHOD_MATCH = YES;
				COPY_PHASE_STRIP = NO;
				DEBUG_INFORMATION_FORMAT = dwarf;
				ENABLE_STRICT_OBJC_MSGSEND = YES;
				ENABLE_TESTABILITY = YES;
				ENABLE_USER_SCRIPT_SANDBOXING = YES;
				GCC_C_LANGUAGE_STANDARD = gnu17;
				GCC_DYNAMIC_NO_PIC = NO;
				GCC_NO_COMMON_BLOCKS = YES;
				GCC_OPTIMIZATION_LEVEL = 0;
				GCC_PREPROCESSOR_DEFINITIONS = (
					"DEBUG=1",
					"$(inherited)",
				);
				GCC_WARN_64_TO_32_BIT_CONVERSION = YES;
				GCC_WARN_ABOUT_RETURN_TYPE = YES_ERROR;
				GCC_WARN_UNDECLARED_SELECTOR = YES;
				GCC_WARN_UNINITIALIZED_AUTOS = YES_AGGRESSIVE;
				GCC_WARN_UNUSED_FUNCTION = YES;
				GCC_WARN_UNUSED_VARIABLE = YES;
				LOCALIZATION_PREFERS_STRING_CATALOGS = YES;
				MTL_ENABLE_DEBUG_INFO = INCLUDE_SOURCE;
				MTL_FAST_MATH = YES;
				ONLY_ACTIVE_ARCH = YES;
				SWIFT_ACTIVE_COMPILATION_CONDITIONS = "DEBUG $(inherited)";
				SWIFT_OPTIMIZATION_LEVEL = "-Onone";
			};
			name = Debug;
		};
		6F2321A42BB1C8710094F8BC /* Release */ = {
			isa = XCBuildConfiguration;
			buildSettings = {
				ALWAYS_SEARCH_USER_PATHS = NO;
				ASSETCATALOG_COMPILER_GENERATE_SWIFT_ASSET_SYMBOL_EXTENSIONS = YES;
				CLANG_ANALYZER_NONNULL = YES;
				CLANG_ANALYZER_NUMBER_OBJECT_CONVERSION = YES_AGGRESSIVE;
				CLANG_CXX_LANGUAGE_STANDARD = "gnu++20";
				CLANG_ENABLE_MODULES = YES;
				CLANG_ENABLE_OBJC_ARC = YES;
				CLANG_ENABLE_OBJC_WEAK = YES;
				CLANG_WARN_BLOCK_CAPTURE_AUTORELEASING = YES;
				CLANG_WARN_BOOL_CONVERSION = YES;
				CLANG_WARN_COMMA = YES;
				CLANG_WARN_CONSTANT_CONVERSION = YES;
				CLANG_WARN_DEPRECATED_OBJC_IMPLEMENTATIONS = YES;
				CLANG_WARN_DIRECT_OBJC_ISA_USAGE = YES_ERROR;
				CLANG_WARN_DOCUMENTATION_COMMENTS = YES;
				CLANG_WARN_EMPTY_BODY = YES;
				CLANG_WARN_ENUM_CONVERSION = YES;
				CLANG_WARN_INFINITE_RECURSION = YES;
				CLANG_WARN_INT_CONVERSION = YES;
				CLANG_WARN_NON_LITERAL_NULL_CONVERSION = YES;
				CLANG_WARN_OBJC_IMPLICIT_RETAIN_SELF = YES;
				CLANG_WARN_OBJC_LITERAL_CONVERSION = YES;
				CLANG_WARN_OBJC_ROOT_CLASS = YES_ERROR;
				CLANG_WARN_QUOTED_INCLUDE_IN_FRAMEWORK_HEADER = YES;
				CLANG_WARN_RANGE_LOOP_ANALYSIS = YES;
				CLANG_WARN_STRICT_PROTOTYPES = YES;
				CLANG_WARN_SUSPICIOUS_MOVE = YES;
				CLANG_WARN_UNGUARDED_AVAILABILITY = YES_AGGRESSIVE;
				CLANG_WARN_UNREACHABLE_CODE = YES;
				CLANG_WARN__DUPLICATE_METHOD_MATCH = YES;
				COPY_PHASE_STRIP = NO;
				DEBUG_INFORMATION_FORMAT = "dwarf-with-dsym";
				ENABLE_NS_ASSERTIONS = NO;
				ENABLE_STRICT_OBJC_MSGSEND = YES;
				ENABLE_USER_SCRIPT_SANDBOXING = YES;
				GCC_C_LANGUAGE_STANDARD = gnu17;
				GCC_NO_COMMON_BLOCKS = YES;
				GCC_WARN_64_TO_32_BIT_CONVERSION = YES;
				GCC_WARN_ABOUT_RETURN_TYPE = YES_ERROR;
				GCC_WARN_UNDECLARED_SELECTOR = YES;
				GCC_WARN_UNINITIALIZED_AUTOS = YES_AGGRESSIVE;
				GCC_WARN_UNUSED_FUNCTION = YES;
				GCC_WARN_UNUSED_VARIABLE = YES;
				LOCALIZATION_PREFERS_STRING_CATALOGS = YES;
				MTL_ENABLE_DEBUG_INFO = NO;
				MTL_FAST_MATH = YES;
				SWIFT_COMPILATION_MODE = wholemodule;
			};
			name = Release;
		};
		6F2321A62BB1C8710094F8BC /* Debug */ = {
			isa = XCBuildConfiguration;
			buildSettings = {
				ASSETCATALOG_COMPILER_APPICON_NAME = AppIcon;
				ASSETCATALOG_COMPILER_GLOBAL_ACCENT_COLOR_NAME = AccentColor;
				CODE_SIGN_ENTITLEMENTS = GoTouchGrass/GoTouchGrass.entitlements;
				CODE_SIGN_STYLE = Automatic;
				CURRENT_PROJECT_VERSION = 1;
				DEVELOPMENT_ASSET_PATHS = "\"GoTouchGrass/Preview Content\"";
				ENABLE_PREVIEWS = YES;
				GENERATE_INFOPLIST_FILE = YES;
				INFOPLIST_KEY_LSApplicationCategoryType = "";
				INFOPLIST_KEY_NSLocationAlwaysAndWhenInUseUsageDescription = "We need your location to provide location-based services while you are using the app.";
				INFOPLIST_KEY_NSLocationWhenInUseUsageDescription = "We need your location to provide location-based services even when the app is running in the background.";
				"INFOPLIST_KEY_UIApplicationSceneManifest_Generation[sdk=iphoneos*]" = YES;
				"INFOPLIST_KEY_UIApplicationSceneManifest_Generation[sdk=iphonesimulator*]" = YES;
				"INFOPLIST_KEY_UIApplicationSupportsIndirectInputEvents[sdk=iphoneos*]" = YES;
				"INFOPLIST_KEY_UIApplicationSupportsIndirectInputEvents[sdk=iphonesimulator*]" = YES;
				"INFOPLIST_KEY_UILaunchScreen_Generation[sdk=iphoneos*]" = YES;
				"INFOPLIST_KEY_UILaunchScreen_Generation[sdk=iphonesimulator*]" = YES;
				"INFOPLIST_KEY_UIStatusBarStyle[sdk=iphoneos*]" = UIStatusBarStyleDefault;
				"INFOPLIST_KEY_UIStatusBarStyle[sdk=iphonesimulator*]" = UIStatusBarStyleDefault;
				INFOPLIST_KEY_UISupportedInterfaceOrientations_iPad = "UIInterfaceOrientationPortrait UIInterfaceOrientationPortraitUpsideDown UIInterfaceOrientationLandscapeLeft UIInterfaceOrientationLandscapeRight";
				INFOPLIST_KEY_UISupportedInterfaceOrientations_iPhone = "UIInterfaceOrientationPortrait UIInterfaceOrientationLandscapeLeft UIInterfaceOrientationLandscapeRight";
				IPHONEOS_DEPLOYMENT_TARGET = 17.2;
				LD_RUNPATH_SEARCH_PATHS = "@executable_path/Frameworks";
				"LD_RUNPATH_SEARCH_PATHS[sdk=macosx*]" = "@executable_path/../Frameworks";
				MACOSX_DEPLOYMENT_TARGET = 14.2;
				MARKETING_VERSION = 1.0;
				PRODUCT_BUNDLE_IDENTIFIER = ditthapeem.com.GoTouchGrass;
				PRODUCT_NAME = "$(TARGET_NAME)";
				SDKROOT = auto;
				SUPPORTED_PLATFORMS = "iphoneos iphonesimulator macosx";
				SWIFT_EMIT_LOC_STRINGS = YES;
				SWIFT_VERSION = 5.0;
				TARGETED_DEVICE_FAMILY = "1,2";
			};
			name = Debug;
		};
		6F2321A72BB1C8710094F8BC /* Release */ = {
			isa = XCBuildConfiguration;
			buildSettings = {
				ASSETCATALOG_COMPILER_APPICON_NAME = AppIcon;
				ASSETCATALOG_COMPILER_GLOBAL_ACCENT_COLOR_NAME = AccentColor;
				CODE_SIGN_ENTITLEMENTS = GoTouchGrass/GoTouchGrass.entitlements;
				CODE_SIGN_STYLE = Automatic;
				CURRENT_PROJECT_VERSION = 1;
				DEVELOPMENT_ASSET_PATHS = "\"GoTouchGrass/Preview Content\"";
				ENABLE_PREVIEWS = YES;
				GENERATE_INFOPLIST_FILE = YES;
				INFOPLIST_KEY_LSApplicationCategoryType = "";
				INFOPLIST_KEY_NSLocationAlwaysAndWhenInUseUsageDescription = "We need your location to provide location-based services while you are using the app.";
				INFOPLIST_KEY_NSLocationWhenInUseUsageDescription = "We need your location to provide location-based services even when the app is running in the background.";
				"INFOPLIST_KEY_UIApplicationSceneManifest_Generation[sdk=iphoneos*]" = YES;
				"INFOPLIST_KEY_UIApplicationSceneManifest_Generation[sdk=iphonesimulator*]" = YES;
				"INFOPLIST_KEY_UIApplicationSupportsIndirectInputEvents[sdk=iphoneos*]" = YES;
				"INFOPLIST_KEY_UIApplicationSupportsIndirectInputEvents[sdk=iphonesimulator*]" = YES;
				"INFOPLIST_KEY_UILaunchScreen_Generation[sdk=iphoneos*]" = YES;
				"INFOPLIST_KEY_UILaunchScreen_Generation[sdk=iphonesimulator*]" = YES;
				"INFOPLIST_KEY_UIStatusBarStyle[sdk=iphoneos*]" = UIStatusBarStyleDefault;
				"INFOPLIST_KEY_UIStatusBarStyle[sdk=iphonesimulator*]" = UIStatusBarStyleDefault;
				INFOPLIST_KEY_UISupportedInterfaceOrientations_iPad = "UIInterfaceOrientationPortrait UIInterfaceOrientationPortraitUpsideDown UIInterfaceOrientationLandscapeLeft UIInterfaceOrientationLandscapeRight";
				INFOPLIST_KEY_UISupportedInterfaceOrientations_iPhone = "UIInterfaceOrientationPortrait UIInterfaceOrientationLandscapeLeft UIInterfaceOrientationLandscapeRight";
				IPHONEOS_DEPLOYMENT_TARGET = 17.2;
				LD_RUNPATH_SEARCH_PATHS = "@executable_path/Frameworks";
				"LD_RUNPATH_SEARCH_PATHS[sdk=macosx*]" = "@executable_path/../Frameworks";
				MACOSX_DEPLOYMENT_TARGET = 14.2;
				MARKETING_VERSION = 1.0;
				PRODUCT_BUNDLE_IDENTIFIER = ditthapeem.com.GoTouchGrass;
				PRODUCT_NAME = "$(TARGET_NAME)";
				SDKROOT = auto;
				SUPPORTED_PLATFORMS = "iphoneos iphonesimulator macosx";
				SWIFT_EMIT_LOC_STRINGS = YES;
				SWIFT_VERSION = 5.0;
				TARGETED_DEVICE_FAMILY = "1,2";
			};
			name = Release;
		};
		6F2321A92BB1C8710094F8BC /* Debug */ = {
			isa = XCBuildConfiguration;
			buildSettings = {
				ALWAYS_EMBED_SWIFT_STANDARD_LIBRARIES = YES;
				BUNDLE_LOADER = "$(TEST_HOST)";
				CODE_SIGN_STYLE = Automatic;
				CURRENT_PROJECT_VERSION = 1;
				GENERATE_INFOPLIST_FILE = YES;
				IPHONEOS_DEPLOYMENT_TARGET = 17.2;
				MACOSX_DEPLOYMENT_TARGET = 14.2;
				MARKETING_VERSION = 1.0;
				PRODUCT_BUNDLE_IDENTIFIER = ditthapeem.com.GoTouchGrassTests;
				PRODUCT_NAME = "$(TARGET_NAME)";
				SDKROOT = auto;
				SUPPORTED_PLATFORMS = "iphoneos iphonesimulator macosx";
				SWIFT_EMIT_LOC_STRINGS = NO;
				SWIFT_VERSION = 5.0;
				TARGETED_DEVICE_FAMILY = "1,2";
				TEST_HOST = "$(BUILT_PRODUCTS_DIR)/GoTouchGrass.app/$(BUNDLE_EXECUTABLE_FOLDER_PATH)/GoTouchGrass";
			};
			name = Debug;
		};
		6F2321AA2BB1C8710094F8BC /* Release */ = {
			isa = XCBuildConfiguration;
			buildSettings = {
				ALWAYS_EMBED_SWIFT_STANDARD_LIBRARIES = YES;
				BUNDLE_LOADER = "$(TEST_HOST)";
				CODE_SIGN_STYLE = Automatic;
				CURRENT_PROJECT_VERSION = 1;
				GENERATE_INFOPLIST_FILE = YES;
				IPHONEOS_DEPLOYMENT_TARGET = 17.2;
				MACOSX_DEPLOYMENT_TARGET = 14.2;
				MARKETING_VERSION = 1.0;
				PRODUCT_BUNDLE_IDENTIFIER = ditthapeem.com.GoTouchGrassTests;
				PRODUCT_NAME = "$(TARGET_NAME)";
				SDKROOT = auto;
				SUPPORTED_PLATFORMS = "iphoneos iphonesimulator macosx";
				SWIFT_EMIT_LOC_STRINGS = NO;
				SWIFT_VERSION = 5.0;
				TARGETED_DEVICE_FAMILY = "1,2";
				TEST_HOST = "$(BUILT_PRODUCTS_DIR)/GoTouchGrass.app/$(BUNDLE_EXECUTABLE_FOLDER_PATH)/GoTouchGrass";
			};
			name = Release;
		};
		6F2321AC2BB1C8710094F8BC /* Debug */ = {
			isa = XCBuildConfiguration;
			buildSettings = {
				ALWAYS_EMBED_SWIFT_STANDARD_LIBRARIES = YES;
				CODE_SIGN_STYLE = Automatic;
				CURRENT_PROJECT_VERSION = 1;
				GENERATE_INFOPLIST_FILE = YES;
				IPHONEOS_DEPLOYMENT_TARGET = 17.2;
				MACOSX_DEPLOYMENT_TARGET = 14.2;
				MARKETING_VERSION = 1.0;
				PRODUCT_BUNDLE_IDENTIFIER = ditthapeem.com.GoTouchGrassUITests;
				PRODUCT_NAME = "$(TARGET_NAME)";
				SDKROOT = auto;
				SUPPORTED_PLATFORMS = "iphoneos iphonesimulator macosx";
				SWIFT_EMIT_LOC_STRINGS = NO;
				SWIFT_VERSION = 5.0;
				TARGETED_DEVICE_FAMILY = "1,2";
				TEST_TARGET_NAME = GoTouchGrass;
			};
			name = Debug;
		};
		6F2321AD2BB1C8710094F8BC /* Release */ = {
			isa = XCBuildConfiguration;
			buildSettings = {
				ALWAYS_EMBED_SWIFT_STANDARD_LIBRARIES = YES;
				CODE_SIGN_STYLE = Automatic;
				CURRENT_PROJECT_VERSION = 1;
				GENERATE_INFOPLIST_FILE = YES;
				IPHONEOS_DEPLOYMENT_TARGET = 17.2;
				MACOSX_DEPLOYMENT_TARGET = 14.2;
				MARKETING_VERSION = 1.0;
				PRODUCT_BUNDLE_IDENTIFIER = ditthapeem.com.GoTouchGrassUITests;
				PRODUCT_NAME = "$(TARGET_NAME)";
				SDKROOT = auto;
				SUPPORTED_PLATFORMS = "iphoneos iphonesimulator macosx";
				SWIFT_EMIT_LOC_STRINGS = NO;
				SWIFT_VERSION = 5.0;
				TARGETED_DEVICE_FAMILY = "1,2";
				TEST_TARGET_NAME = GoTouchGrass;
			};
			name = Release;
		};
/* End XCBuildConfiguration section */

/* Begin XCConfigurationList section */
		6F2321762BB1C86F0094F8BC /* Build configuration list for PBXProject "GoTouchGrass" */ = {
			isa = XCConfigurationList;
			buildConfigurations = (
				6F2321A32BB1C8710094F8BC /* Debug */,
				6F2321A42BB1C8710094F8BC /* Release */,
			);
			defaultConfigurationIsVisible = 0;
			defaultConfigurationName = Release;
		};
		6F2321A52BB1C8710094F8BC /* Build configuration list for PBXNativeTarget "GoTouchGrass" */ = {
			isa = XCConfigurationList;
			buildConfigurations = (
				6F2321A62BB1C8710094F8BC /* Debug */,
				6F2321A72BB1C8710094F8BC /* Release */,
			);
			defaultConfigurationIsVisible = 0;
			defaultConfigurationName = Release;
		};
		6F2321A82BB1C8710094F8BC /* Build configuration list for PBXNativeTarget "GoTouchGrassTests" */ = {
			isa = XCConfigurationList;
			buildConfigurations = (
				6F2321A92BB1C8710094F8BC /* Debug */,
				6F2321AA2BB1C8710094F8BC /* Release */,
			);
			defaultConfigurationIsVisible = 0;
			defaultConfigurationName = Release;
		};
		6F2321AB2BB1C8710094F8BC /* Build configuration list for PBXNativeTarget "GoTouchGrassUITests" */ = {
			isa = XCConfigurationList;
			buildConfigurations = (
				6F2321AC2BB1C8710094F8BC /* Debug */,
				6F2321AD2BB1C8710094F8BC /* Release */,
			);
			defaultConfigurationIsVisible = 0;
			defaultConfigurationName = Release;
		};
/* End XCConfigurationList section */

/* Begin XCVersionGroup section */
		6F2321822BB1C86F0094F8BC /* GoTouchGrass.xcdatamodeld */ = {
			isa = XCVersionGroup;
			children = (
				6F2321832BB1C86F0094F8BC /* GoTouchGrass.xcdatamodel */,
			);
			currentVersion = 6F2321832BB1C86F0094F8BC /* GoTouchGrass.xcdatamodel */;
			path = GoTouchGrass.xcdatamodeld;
			sourceTree = "<group>";
			versionGroupType = wrapper.xcdatamodel;
		};
		6F522F282BED36970088FC03 /* DailyDataModel.xcdatamodeld */ = {
			isa = XCVersionGroup;
			children = (
				6F522F292BED36980088FC03 /* DailyDataModel.xcdatamodel */,
			);
			currentVersion = 6F522F292BED36980088FC03 /* DailyDataModel.xcdatamodel */;
			path = DailyDataModel.xcdatamodeld;
			sourceTree = "<group>";
			versionGroupType = wrapper.xcdatamodel;
		};
/* End XCVersionGroup section */
	};
	rootObject = 6F2321732BB1C86F0094F8BC /* Project object */;
}
